# This file is automatically @generated by Cargo.
# It is not intended for manual editing.
version = 4

[[package]]
name = "backend"
version = "0.1.0"

[[package]]
name = "cli"
version = "0.1.0"

[[package]]
name = "core-logic"
version = "0.1.0"

[[package]]
name = "rp-pico-2w"
version = "0.1.0"

[[package]]
name = "shared"
version = "0.1.0"
